# THIS IS AN AUTOGENERATED FILE. DO NOT EDIT THIS FILE DIRECTLY.
# yarn lockfile v1


"@angular-devkit/build-optimizer@^0.0.7":
  version "0.0.7"
  resolved "https://registry.yarnpkg.com/@angular-devkit/build-optimizer/-/build-optimizer-0.0.7.tgz#41ad519c6e8d18b23ddee95fb86b38dcf25f25c3"
  dependencies:
    loader-utils "^1.1.0"
    magic-string "^0.19.1"
    source-map "^0.5.6"
    typescript "^2.3.3"

"@types/node@*":
  version "8.0.16"
  resolved "https://registry.yarnpkg.com/@types/node/-/node-8.0.16.tgz#5aa51abd72621a0ce53fb86bccd76825ee1b4ca9"

"@types/source-map@*", "@types/source-map@^0.5.0":
  version "0.5.0"
  resolved "https://registry.yarnpkg.com/@types/source-map/-/source-map-0.5.0.tgz#dd34bbd8e32fe4e74f2e3d8ac07f8aa5b45a47ac"

"@types/tapable@*":
  version "0.2.3"
  resolved "https://registry.yarnpkg.com/@types/tapable/-/tapable-0.2.3.tgz#0888b0f20cc7e58e1c22a1888b4e963eefaa810a"

"@types/uglify-js@*":
  version "2.6.29"
  resolved "https://registry.yarnpkg.com/@types/uglify-js/-/uglify-js-2.6.29.tgz#521347f69e20201d218f5991ae66e10878afcf1a"
  dependencies:
    "@types/source-map" "*"

"@types/webpack@^3.0.5":
  version "3.0.5"
  resolved "https://registry.yarnpkg.com/@types/webpack/-/webpack-3.0.5.tgz#da3bca3665071ccbaba9ff929e361db85d3cc48a"
  dependencies:
    "@types/node" "*"
    "@types/tapable" "*"
    "@types/uglify-js" "*"

big.js@^3.1.3:
  version "3.1.3"
  resolved "https://registry.yarnpkg.com/big.js/-/big.js-3.1.3.tgz#4cada2193652eb3ca9ec8e55c9015669c9806978"

emojis-list@^2.0.0:
  version "2.1.0"
  resolved "https://registry.yarnpkg.com/emojis-list/-/emojis-list-2.1.0.tgz#4daa4d9db00f9819880c79fa457ae5b09a1fd389"

json5@^0.5.0:
  version "0.5.1"
  resolved "https://registry.yarnpkg.com/json5/-/json5-0.5.1.tgz#1eade7acc012034ad84e2396767ead9fa5495821"

loader-utils@^1.1.0:
  version "1.1.0"
  resolved "https://registry.yarnpkg.com/loader-utils/-/loader-utils-1.1.0.tgz#c98aef488bcceda2ffb5e2de646d6a754429f5cd"
  dependencies:
    big.js "^3.1.3"
    emojis-list "^2.0.0"
    json5 "^0.5.0"

magic-string@^0.19.1:
  version "0.19.1"
  resolved "https://registry.yarnpkg.com/magic-string/-/magic-string-0.19.1.tgz#14d768013caf2ec8fdea16a49af82fc377e75201"
  dependencies:
    vlq "^0.2.1"

source-map@^0.5.6:
  version "0.5.6"
  resolved "https://registry.yarnpkg.com/source-map/-/source-map-0.5.6.tgz#75ce38f52bf0733c5a7f0c118d81334a2bb5f412"

typescript@^2.3.3:
  version "2.4.2"
  resolved "https://registry.yarnpkg.com/typescript/-/typescript-2.4.2.tgz#f8395f85d459276067c988aa41837a8f82870844"

vlq@^0.2.1:
  version "0.2.2"
  resolved "https://registry.yarnpkg.com/vlq/-/vlq-0.2.2.tgz#e316d5257b40b86bb43cb8d5fea5d7f54d6b0ca1"
